// !$*UTF8*$!
{
	archiveVersion = 1;
	classes = {
	};
	objectVersion = 56;
	objects = {

/* Begin PBXBuildFile section */
		0436912B2C231C7100709110 /* AppDelegate.swift in Sources */ = {isa = PBXBuildFile; fileRef = 0436912A2C231C7100709110 /* AppDelegate.swift */; };
		0436912D2C231C7100709110 /* SceneDelegate.swift in Sources */ = {isa = PBXBuildFile; fileRef = 0436912C2C231C7100709110 /* SceneDelegate.swift */; };
		0436912F2C231C7100709110 /* OnboardingViewController.swift in Sources */ = {isa = PBXBuildFile; fileRef = 0436912E2C231C7100709110 /* OnboardingViewController.swift */; };
		043691342C231C7300709110 /* Assets.xcassets in Resources */ = {isa = PBXBuildFile; fileRef = 043691332C231C7300709110 /* Assets.xcassets */; };
		043691372C231C7300709110 /* Base in Resources */ = {isa = PBXBuildFile; fileRef = 043691362C231C7300709110 /* Base */; };
		0436913F2C24766B00709110 /* OnboardingPageModel.swift in Sources */ = {isa = PBXBuildFile; fileRef = 0436913E2C24766B00709110 /* OnboardingPageModel.swift */; };
		043691412C24776100709110 /* OnboardingPageViewModel.swift in Sources */ = {isa = PBXBuildFile; fileRef = 043691402C24776100709110 /* OnboardingPageViewModel.swift */; };
		04579A012C2733D0006BE024 /* OnboardingPageView.swift in Sources */ = {isa = PBXBuildFile; fileRef = 04579A002C2733D0006BE024 /* OnboardingPageView.swift */; };
		04579A082C29CDCB006BE024 /* OnboardingViewModel.swift in Sources */ = {isa = PBXBuildFile; fileRef = 04579A072C29CDCB006BE024 /* OnboardingViewModel.swift */; };
		04579A0A2C29CE47006BE024 /* OnboardingModel.swift in Sources */ = {isa = PBXBuildFile; fileRef = 04579A092C29CE47006BE024 /* OnboardingModel.swift */; };
		04579A0C2C29CEFD006BE024 /* OnboardingPageViewController.swift in Sources */ = {isa = PBXBuildFile; fileRef = 04579A0B2C29CEFD006BE024 /* OnboardingPageViewController.swift */; };
		04579A0E2C2F346D006BE024 /* OnboardingView.swift in Sources */ = {isa = PBXBuildFile; fileRef = 04579A0D2C2F346D006BE024 /* OnboardingView.swift */; };
		04579A1A2C33003D006BE024 /* Localizable.xcstrings in Resources */ = {isa = PBXBuildFile; fileRef = 04579A192C33003D006BE024 /* Localizable.xcstrings */; };
		04579A6E2C3D9BFF006BE024 /* Router.swift in Sources */ = {isa = PBXBuildFile; fileRef = 04579A6D2C3D9BFF006BE024 /* Router.swift */; };
		04579A702C3D9C37006BE024 /* MainTabBarController.swift in Sources */ = {isa = PBXBuildFile; fileRef = 04579A6F2C3D9C37006BE024 /* MainTabBarController.swift */; };
		04579A742C3DA2B1006BE024 /* SleepViewController.swift in Sources */ = {isa = PBXBuildFile; fileRef = 04579A732C3DA2B1006BE024 /* SleepViewController.swift */; };
		04579A762C3DA2E3006BE024 /* StatisticsViewController.swift in Sources */ = {isa = PBXBuildFile; fileRef = 04579A752C3DA2E3006BE024 /* StatisticsViewController.swift */; };
		04579A792C3DA636006BE024 /* NavigationController.swift in Sources */ = {isa = PBXBuildFile; fileRef = 04579A782C3DA636006BE024 /* NavigationController.swift */; };
		04579A7B2C3DA7FC006BE024 /* RouterProtocol.swift in Sources */ = {isa = PBXBuildFile; fileRef = 04579A7A2C3DA7FC006BE024 /* RouterProtocol.swift */; };
		04579A7E2C3DA866006BE024 /* UserDefaultsKeys.swift in Sources */ = {isa = PBXBuildFile; fileRef = 04579A7D2C3DA866006BE024 /* UserDefaultsKeys.swift */; };
		04579A822C444428006BE024 /* AddBabyViewController.swift in Sources */ = {isa = PBXBuildFile; fileRef = 04579A812C444428006BE024 /* AddBabyViewController.swift */; };
		04579A842C5661DE006BE024 /* BabyModel.swift in Sources */ = {isa = PBXBuildFile; fileRef = 04579A832C5661DE006BE024 /* BabyModel.swift */; };
		04579A862C566390006BE024 /* FirebaseAnalytics in Frameworks */ = {isa = PBXBuildFile; productRef = 04579A852C566390006BE024 /* FirebaseAnalytics */; };
		04579A882C566390006BE024 /* FirebaseAnalyticsOnDeviceConversion in Frameworks */ = {isa = PBXBuildFile; productRef = 04579A872C566390006BE024 /* FirebaseAnalyticsOnDeviceConversion */; };
		04579A8A2C566390006BE024 /* FirebaseAnalyticsSwift in Frameworks */ = {isa = PBXBuildFile; productRef = 04579A892C566390006BE024 /* FirebaseAnalyticsSwift */; };
		04579A8C2C566390006BE024 /* FirebaseAnalyticsWithoutAdIdSupport in Frameworks */ = {isa = PBXBuildFile; productRef = 04579A8B2C566390006BE024 /* FirebaseAnalyticsWithoutAdIdSupport */; };
		04579A8E2C566390006BE024 /* FirebaseAppCheck in Frameworks */ = {isa = PBXBuildFile; productRef = 04579A8D2C566390006BE024 /* FirebaseAppCheck */; };
		04579A902C56681A006BE024 /* GoogleService-Info.plist in Resources */ = {isa = PBXBuildFile; fileRef = 04579A8F2C56681A006BE024 /* GoogleService-Info.plist */; };
		04579A932C567657006BE024 /* LoginViewController.swift in Sources */ = {isa = PBXBuildFile; fileRef = 04579A922C567657006BE024 /* LoginViewController.swift */; };
		04FA2C262C567B12000D5CFB /* FirebaseAuth in Frameworks */ = {isa = PBXBuildFile; productRef = 04FA2C252C567B12000D5CFB /* FirebaseAuth */; };
		04FA2C282C567B12000D5CFB /* FirebaseAuthCombine-Community in Frameworks */ = {isa = PBXBuildFile; productRef = 04FA2C272C567B12000D5CFB /* FirebaseAuthCombine-Community */; };
/* End PBXBuildFile section */

/* Begin PBXFileReference section */
		043691272C231C7100709110 /* Baby's diary.app */ = {isa = PBXFileReference; explicitFileType = wrapper.application; includeInIndex = 0; path = "Baby's diary.app"; sourceTree = BUILT_PRODUCTS_DIR; };
		0436912A2C231C7100709110 /* AppDelegate.swift */ = {isa = PBXFileReference; lastKnownFileType = sourcecode.swift; path = AppDelegate.swift; sourceTree = "<group>"; };
		0436912C2C231C7100709110 /* SceneDelegate.swift */ = {isa = PBXFileReference; lastKnownFileType = sourcecode.swift; path = SceneDelegate.swift; sourceTree = "<group>"; };
		0436912E2C231C7100709110 /* OnboardingViewController.swift */ = {isa = PBXFileReference; lastKnownFileType = sourcecode.swift; path = OnboardingViewController.swift; sourceTree = "<group>"; };
		043691332C231C7300709110 /* Assets.xcassets */ = {isa = PBXFileReference; lastKnownFileType = folder.assetcatalog; path = Assets.xcassets; sourceTree = "<group>"; };
		043691362C231C7300709110 /* Base */ = {isa = PBXFileReference; lastKnownFileType = file.storyboard; name = Base; path = Base.lproj/LaunchScreen.storyboard; sourceTree = "<group>"; };
		043691382C231C7300709110 /* Info.plist */ = {isa = PBXFileReference; lastKnownFileType = text.plist.xml; path = Info.plist; sourceTree = "<group>"; };
		0436913E2C24766B00709110 /* OnboardingPageModel.swift */ = {isa = PBXFileReference; lastKnownFileType = sourcecode.swift; path = OnboardingPageModel.swift; sourceTree = "<group>"; };
		043691402C24776100709110 /* OnboardingPageViewModel.swift */ = {isa = PBXFileReference; lastKnownFileType = sourcecode.swift; path = OnboardingPageViewModel.swift; sourceTree = "<group>"; };
		04579A002C2733D0006BE024 /* OnboardingPageView.swift */ = {isa = PBXFileReference; lastKnownFileType = sourcecode.swift; path = OnboardingPageView.swift; sourceTree = "<group>"; };
		04579A072C29CDCB006BE024 /* OnboardingViewModel.swift */ = {isa = PBXFileReference; lastKnownFileType = sourcecode.swift; path = OnboardingViewModel.swift; sourceTree = "<group>"; };
		04579A092C29CE47006BE024 /* OnboardingModel.swift */ = {isa = PBXFileReference; lastKnownFileType = sourcecode.swift; path = OnboardingModel.swift; sourceTree = "<group>"; };
		04579A0B2C29CEFD006BE024 /* OnboardingPageViewController.swift */ = {isa = PBXFileReference; lastKnownFileType = sourcecode.swift; path = OnboardingPageViewController.swift; sourceTree = "<group>"; };
		04579A0D2C2F346D006BE024 /* OnboardingView.swift */ = {isa = PBXFileReference; lastKnownFileType = sourcecode.swift; path = OnboardingView.swift; sourceTree = "<group>"; };
		04579A152C32B1F9006BE024 /* ru */ = {isa = PBXFileReference; lastKnownFileType = text.plist.strings; name = ru; path = ru.lproj/LaunchScreen.strings; sourceTree = "<group>"; };
		04579A172C32B222006BE024 /* kk-KZ */ = {isa = PBXFileReference; lastKnownFileType = text.plist.strings; name = "kk-KZ"; path = "kk-KZ.lproj/LaunchScreen.strings"; sourceTree = "<group>"; };
		04579A192C33003D006BE024 /* Localizable.xcstrings */ = {isa = PBXFileReference; lastKnownFileType = text.json.xcstrings; path = Localizable.xcstrings; sourceTree = "<group>"; };
		04579A6D2C3D9BFF006BE024 /* Router.swift */ = {isa = PBXFileReference; lastKnownFileType = sourcecode.swift; path = Router.swift; sourceTree = "<group>"; };
		04579A6F2C3D9C37006BE024 /* MainTabBarController.swift */ = {isa = PBXFileReference; lastKnownFileType = sourcecode.swift; path = MainTabBarController.swift; sourceTree = "<group>"; };
		04579A732C3DA2B1006BE024 /* SleepViewController.swift */ = {isa = PBXFileReference; lastKnownFileType = sourcecode.swift; path = SleepViewController.swift; sourceTree = "<group>"; };
		04579A752C3DA2E3006BE024 /* StatisticsViewController.swift */ = {isa = PBXFileReference; lastKnownFileType = sourcecode.swift; path = StatisticsViewController.swift; sourceTree = "<group>"; };
		04579A782C3DA636006BE024 /* NavigationController.swift */ = {isa = PBXFileReference; lastKnownFileType = sourcecode.swift; path = NavigationController.swift; sourceTree = "<group>"; };
		04579A7A2C3DA7FC006BE024 /* RouterProtocol.swift */ = {isa = PBXFileReference; lastKnownFileType = sourcecode.swift; path = RouterProtocol.swift; sourceTree = "<group>"; };
		04579A7D2C3DA866006BE024 /* UserDefaultsKeys.swift */ = {isa = PBXFileReference; lastKnownFileType = sourcecode.swift; path = UserDefaultsKeys.swift; sourceTree = "<group>"; };
		04579A812C444428006BE024 /* AddBabyViewController.swift */ = {isa = PBXFileReference; lastKnownFileType = sourcecode.swift; path = AddBabyViewController.swift; sourceTree = "<group>"; };
		04579A832C5661DE006BE024 /* BabyModel.swift */ = {isa = PBXFileReference; lastKnownFileType = sourcecode.swift; path = BabyModel.swift; sourceTree = "<group>"; };
		04579A8F2C56681A006BE024 /* GoogleService-Info.plist */ = {isa = PBXFileReference; fileEncoding = 4; lastKnownFileType = text.plist.xml; path = "GoogleService-Info.plist"; sourceTree = "<group>"; };
		04579A922C567657006BE024 /* LoginViewController.swift */ = {isa = PBXFileReference; lastKnownFileType = sourcecode.swift; path = LoginViewController.swift; sourceTree = "<group>"; };
/* End PBXFileReference section */

/* Begin PBXFrameworksBuildPhase section */
		043691242C231C7100709110 /* Frameworks */ = {
			isa = PBXFrameworksBuildPhase;
			buildActionMask = 2147483647;
			files = (
				04579A8A2C566390006BE024 /* FirebaseAnalyticsSwift in Frameworks */,
				04FA2C262C567B12000D5CFB /* FirebaseAuth in Frameworks */,
				04579A862C566390006BE024 /* FirebaseAnalytics in Frameworks */,
				04579A882C566390006BE024 /* FirebaseAnalyticsOnDeviceConversion in Frameworks */,
				04579A8E2C566390006BE024 /* FirebaseAppCheck in Frameworks */,
				04FA2C282C567B12000D5CFB /* FirebaseAuthCombine-Community in Frameworks */,
				04579A8C2C566390006BE024 /* FirebaseAnalyticsWithoutAdIdSupport in Frameworks */,
			);
			runOnlyForDeploymentPostprocessing = 0;
		};
/* End PBXFrameworksBuildPhase section */

/* Begin PBXGroup section */
		0436911E2C231C7100709110 = {
			isa = PBXGroup;
			children = (
				04579A8F2C56681A006BE024 /* GoogleService-Info.plist */,
				04579A192C33003D006BE024 /* Localizable.xcstrings */,
				043691292C231C7100709110 /* Baby's diary */,
				043691282C231C7100709110 /* Products */,
			);
			sourceTree = "<group>";
		};
		043691282C231C7100709110 /* Products */ = {
			isa = PBXGroup;
			children = (
				043691272C231C7100709110 /* Baby's diary.app */,
			);
			name = Products;
			sourceTree = "<group>";
		};
		043691292C231C7100709110 /* Baby's diary */ = {
			isa = PBXGroup;
			children = (
				04579A912C56763B006BE024 /* Login */,
				04579A802C4443FC006BE024 /* Baby */,
				04579A7C2C3DA832006BE024 /* UserDefaults */,
				04579A772C3DA60C006BE024 /* NavigationController */,
				04579A722C3DA28C006BE024 /* Statistics */,
				04579A712C3DA282006BE024 /* Sleep */,
				04579A6C2C3D9BB6006BE024 /* TabBarController */,
				04579A6B2C3D9BA6006BE024 /* Router */,
				04579A0F2C31B8FB006BE024 /* OnboardingPage */,
				04579A022C29C106006BE024 /* Onboarding */,
				045799FF2C27334C006BE024 /* Resource */,
				045799FE2C273333006BE024 /* App */,
				043691382C231C7300709110 /* Info.plist */,
			);
			path = "Baby's diary";
			sourceTree = "<group>";
		};
		045799FE2C273333006BE024 /* App */ = {
			isa = PBXGroup;
			children = (
				0436912A2C231C7100709110 /* AppDelegate.swift */,
				0436912C2C231C7100709110 /* SceneDelegate.swift */,
			);
			path = App;
			sourceTree = "<group>";
		};
		045799FF2C27334C006BE024 /* Resource */ = {
			isa = PBXGroup;
			children = (
				043691352C231C7300709110 /* LaunchScreen.storyboard */,
				043691332C231C7300709110 /* Assets.xcassets */,
			);
			path = Resource;
			sourceTree = "<group>";
		};
		04579A022C29C106006BE024 /* Onboarding */ = {
			isa = PBXGroup;
			children = (
				04579A072C29CDCB006BE024 /* OnboardingViewModel.swift */,
				04579A092C29CE47006BE024 /* OnboardingModel.swift */,
				0436912E2C231C7100709110 /* OnboardingViewController.swift */,
				04579A0D2C2F346D006BE024 /* OnboardingView.swift */,
			);
			path = Onboarding;
			sourceTree = "<group>";
		};
		04579A0F2C31B8FB006BE024 /* OnboardingPage */ = {
			isa = PBXGroup;
			children = (
				043691402C24776100709110 /* OnboardingPageViewModel.swift */,
				04579A002C2733D0006BE024 /* OnboardingPageView.swift */,
				0436913E2C24766B00709110 /* OnboardingPageModel.swift */,
				04579A0B2C29CEFD006BE024 /* OnboardingPageViewController.swift */,
			);
			path = OnboardingPage;
			sourceTree = "<group>";
		};
		04579A6B2C3D9BA6006BE024 /* Router */ = {
			isa = PBXGroup;
			children = (
				04579A6D2C3D9BFF006BE024 /* Router.swift */,
				04579A7A2C3DA7FC006BE024 /* RouterProtocol.swift */,
			);
			path = Router;
			sourceTree = "<group>";
		};
		04579A6C2C3D9BB6006BE024 /* TabBarController */ = {
			isa = PBXGroup;
			children = (
				04579A6F2C3D9C37006BE024 /* MainTabBarController.swift */,
			);
			path = TabBarController;
			sourceTree = "<group>";
		};
		04579A712C3DA282006BE024 /* Sleep */ = {
			isa = PBXGroup;
			children = (
				04579A732C3DA2B1006BE024 /* SleepViewController.swift */,
			);
			path = Sleep;
			sourceTree = "<group>";
		};
		04579A722C3DA28C006BE024 /* Statistics */ = {
			isa = PBXGroup;
			children = (
				04579A752C3DA2E3006BE024 /* StatisticsViewController.swift */,
			);
			path = Statistics;
			sourceTree = "<group>";
		};
		04579A772C3DA60C006BE024 /* NavigationController */ = {
			isa = PBXGroup;
			children = (
				04579A782C3DA636006BE024 /* NavigationController.swift */,
			);
			path = NavigationController;
			sourceTree = "<group>";
		};
		04579A7C2C3DA832006BE024 /* UserDefaults */ = {
			isa = PBXGroup;
			children = (
				04579A7D2C3DA866006BE024 /* UserDefaultsKeys.swift */,
			);
			path = UserDefaults;
			sourceTree = "<group>";
		};
		04579A802C4443FC006BE024 /* Baby */ = {
			isa = PBXGroup;
			children = (
				04579A812C444428006BE024 /* AddBabyViewController.swift */,
				04579A832C5661DE006BE024 /* BabyModel.swift */,
			);
			path = Baby;
			sourceTree = "<group>";
		};
		04579A912C56763B006BE024 /* Login */ = {
			isa = PBXGroup;
			children = (
				04579A922C567657006BE024 /* LoginViewController.swift */,
			);
			path = Login;
			sourceTree = "<group>";
		};
/* End PBXGroup section */

/* Begin PBXNativeTarget section */
		043691262C231C7100709110 /* Baby's diary */ = {
			isa = PBXNativeTarget;
			buildConfigurationList = 0436913B2C231C7300709110 /* Build configuration list for PBXNativeTarget "Baby's diary" */;
			buildPhases = (
				043691232C231C7100709110 /* Sources */,
				043691242C231C7100709110 /* Frameworks */,
				043691252C231C7100709110 /* Resources */,
			);
			buildRules = (
			);
			dependencies = (
			);
			name = "Baby's diary";
			packageProductDependencies = (
				04579A852C566390006BE024 /* FirebaseAnalytics */,
				04579A872C566390006BE024 /* FirebaseAnalyticsOnDeviceConversion */,
				04579A892C566390006BE024 /* FirebaseAnalyticsSwift */,
				04579A8B2C566390006BE024 /* FirebaseAnalyticsWithoutAdIdSupport */,
				04579A8D2C566390006BE024 /* FirebaseAppCheck */,
				04FA2C252C567B12000D5CFB /* FirebaseAuth */,
				04FA2C272C567B12000D5CFB /* FirebaseAuthCombine-Community */,
			);
			productName = "Baby's diary";
			productReference = 043691272C231C7100709110 /* Baby's diary.app */;
			productType = "com.apple.product-type.application";
		};
/* End PBXNativeTarget section */

/* Begin PBXProject section */
		0436911F2C231C7100709110 /* Project object */ = {
			isa = PBXProject;
			attributes = {
				BuildIndependentTargetsInParallel = 1;
				LastSwiftUpdateCheck = 1540;
				LastUpgradeCheck = 1540;
				TargetAttributes = {
					043691262C231C7100709110 = {
						CreatedOnToolsVersion = 15.4;
					};
				};
			};
			buildConfigurationList = 043691222C231C7100709110 /* Build configuration list for PBXProject "Baby's diary" */;
			compatibilityVersion = "Xcode 14.0";
			developmentRegion = en;
			hasScannedForEncodings = 0;
			knownRegions = (
				en,
				Base,
				ru,
				"kk-KZ",
			);
			mainGroup = 0436911E2C231C7100709110;
			packageReferences = (
				04579A7F2C4032C5006BE024 /* XCRemoteSwiftPackageReference "firebase-ios-sdk" */,
			);
			productRefGroup = 043691282C231C7100709110 /* Products */;
			projectDirPath = "";
			projectRoot = "";
			targets = (
				043691262C231C7100709110 /* Baby's diary */,
			);
		};
/* End PBXProject section */

/* Begin PBXResourcesBuildPhase section */
		043691252C231C7100709110 /* Resources */ = {
			isa = PBXResourcesBuildPhase;
			buildActionMask = 2147483647;
			files = (
				043691342C231C7300709110 /* Assets.xcassets in Resources */,
				04579A902C56681A006BE024 /* GoogleService-Info.plist in Resources */,
				04579A1A2C33003D006BE024 /* Localizable.xcstrings in Resources */,
				043691372C231C7300709110 /* Base in Resources */,
			);
			runOnlyForDeploymentPostprocessing = 0;
		};
/* End PBXResourcesBuildPhase section */

/* Begin PBXSourcesBuildPhase section */
		043691232C231C7100709110 /* Sources */ = {
			isa = PBXSourcesBuildPhase;
			buildActionMask = 2147483647;
			files = (
				04579A6E2C3D9BFF006BE024 /* Router.swift in Sources */,
				04579A012C2733D0006BE024 /* OnboardingPageView.swift in Sources */,
				04579A7B2C3DA7FC006BE024 /* RouterProtocol.swift in Sources */,
				04579A702C3D9C37006BE024 /* MainTabBarController.swift in Sources */,
				04579A7E2C3DA866006BE024 /* UserDefaultsKeys.swift in Sources */,
				0436912F2C231C7100709110 /* OnboardingViewController.swift in Sources */,
				0436912B2C231C7100709110 /* AppDelegate.swift in Sources */,
				04579A0E2C2F346D006BE024 /* OnboardingView.swift in Sources */,
				04579A932C567657006BE024 /* LoginViewController.swift in Sources */,
				0436913F2C24766B00709110 /* OnboardingPageModel.swift in Sources */,
				04579A792C3DA636006BE024 /* NavigationController.swift in Sources */,
				04579A842C5661DE006BE024 /* BabyModel.swift in Sources */,
				04579A742C3DA2B1006BE024 /* SleepViewController.swift in Sources */,
				04579A082C29CDCB006BE024 /* OnboardingViewModel.swift in Sources */,
				04579A822C444428006BE024 /* AddBabyViewController.swift in Sources */,
				043691412C24776100709110 /* OnboardingPageViewModel.swift in Sources */,
				04579A0A2C29CE47006BE024 /* OnboardingModel.swift in Sources */,
				0436912D2C231C7100709110 /* SceneDelegate.swift in Sources */,
				04579A0C2C29CEFD006BE024 /* OnboardingPageViewController.swift in Sources */,
				04579A762C3DA2E3006BE024 /* StatisticsViewController.swift in Sources */,
			);
			runOnlyForDeploymentPostprocessing = 0;
		};
/* End PBXSourcesBuildPhase section */

/* Begin PBXVariantGroup section */
		043691352C231C7300709110 /* LaunchScreen.storyboard */ = {
			isa = PBXVariantGroup;
			children = (
				043691362C231C7300709110 /* Base */,
				04579A152C32B1F9006BE024 /* ru */,
				04579A172C32B222006BE024 /* kk-KZ */,
			);
			name = LaunchScreen.storyboard;
			sourceTree = "<group>";
		};
/* End PBXVariantGroup section */

/* Begin XCBuildConfiguration section */
		043691392C231C7300709110 /* Debug */ = {
			isa = XCBuildConfiguration;
			buildSettings = {
				ALWAYS_SEARCH_USER_PATHS = NO;
				ASSETCATALOG_COMPILER_GENERATE_SWIFT_ASSET_SYMBOL_EXTENSIONS = YES;
				CLANG_ANALYZER_LOCALIZABILITY_NONLOCALIZED = YES;
				CLANG_ANALYZER_NONNULL = YES;
				CLANG_ANALYZER_NUMBER_OBJECT_CONVERSION = YES_AGGRESSIVE;
				CLANG_CXX_LANGUAGE_STANDARD = "gnu++20";
				CLANG_ENABLE_MODULES = YES;
				CLANG_ENABLE_OBJC_ARC = YES;
				CLANG_ENABLE_OBJC_WEAK = YES;
				CLANG_WARN_BLOCK_CAPTURE_AUTORELEASING = YES;
				CLANG_WARN_BOOL_CONVERSION = YES;
				CLANG_WARN_COMMA = YES;
				CLANG_WARN_CONSTANT_CONVERSION = YES;
				CLANG_WARN_DEPRECATED_OBJC_IMPLEMENTATIONS = YES;
				CLANG_WARN_DIRECT_OBJC_ISA_USAGE = YES_ERROR;
				CLANG_WARN_DOCUMENTATION_COMMENTS = YES;
				CLANG_WARN_EMPTY_BODY = YES;
				CLANG_WARN_ENUM_CONVERSION = YES;
				CLANG_WARN_INFINITE_RECURSION = YES;
				CLANG_WARN_INT_CONVERSION = YES;
				CLANG_WARN_NON_LITERAL_NULL_CONVERSION = YES;
				CLANG_WARN_OBJC_IMPLICIT_RETAIN_SELF = YES;
				CLANG_WARN_OBJC_LITERAL_CONVERSION = YES;
				CLANG_WARN_OBJC_ROOT_CLASS = YES_ERROR;
				CLANG_WARN_QUOTED_INCLUDE_IN_FRAMEWORK_HEADER = YES;
				CLANG_WARN_RANGE_LOOP_ANALYSIS = YES;
				CLANG_WARN_STRICT_PROTOTYPES = YES;
				CLANG_WARN_SUSPICIOUS_MOVE = YES;
				CLANG_WARN_UNGUARDED_AVAILABILITY = YES_AGGRESSIVE;
				CLANG_WARN_UNREACHABLE_CODE = YES;
				CLANG_WARN__DUPLICATE_METHOD_MATCH = YES;
				COPY_PHASE_STRIP = NO;
				DEBUG_INFORMATION_FORMAT = dwarf;
				ENABLE_STRICT_OBJC_MSGSEND = YES;
				ENABLE_TESTABILITY = YES;
				ENABLE_USER_SCRIPT_SANDBOXING = YES;
				GCC_C_LANGUAGE_STANDARD = gnu17;
				GCC_DYNAMIC_NO_PIC = NO;
				GCC_NO_COMMON_BLOCKS = YES;
				GCC_OPTIMIZATION_LEVEL = 0;
				GCC_PREPROCESSOR_DEFINITIONS = (
					"DEBUG=1",
					"$(inherited)",
				);
				GCC_WARN_64_TO_32_BIT_CONVERSION = YES;
				GCC_WARN_ABOUT_RETURN_TYPE = YES_ERROR;
				GCC_WARN_UNDECLARED_SELECTOR = YES;
				GCC_WARN_UNINITIALIZED_AUTOS = YES_AGGRESSIVE;
				GCC_WARN_UNUSED_FUNCTION = YES;
				GCC_WARN_UNUSED_VARIABLE = YES;
				IPHONEOS_DEPLOYMENT_TARGET = 17.5;
				LOCALIZATION_PREFERS_STRING_CATALOGS = YES;
				MTL_ENABLE_DEBUG_INFO = INCLUDE_SOURCE;
				MTL_FAST_MATH = YES;
				ONLY_ACTIVE_ARCH = YES;
				SDKROOT = iphoneos;
				SWIFT_ACTIVE_COMPILATION_CONDITIONS = "DEBUG $(inherited)";
				SWIFT_OPTIMIZATION_LEVEL = "-Onone";
			};
			name = Debug;
		};
		0436913A2C231C7300709110 /* Release */ = {
			isa = XCBuildConfiguration;
			buildSettings = {
				ALWAYS_SEARCH_USER_PATHS = NO;
				ASSETCATALOG_COMPILER_GENERATE_SWIFT_ASSET_SYMBOL_EXTENSIONS = YES;
				CLANG_ANALYZER_LOCALIZABILITY_NONLOCALIZED = YES;
				CLANG_ANALYZER_NONNULL = YES;
				CLANG_ANALYZER_NUMBER_OBJECT_CONVERSION = YES_AGGRESSIVE;
				CLANG_CXX_LANGUAGE_STANDARD = "gnu++20";
				CLANG_ENABLE_MODULES = YES;
				CLANG_ENABLE_OBJC_ARC = YES;
				CLANG_ENABLE_OBJC_WEAK = YES;
				CLANG_WARN_BLOCK_CAPTURE_AUTORELEASING = YES;
				CLANG_WARN_BOOL_CONVERSION = YES;
				CLANG_WARN_COMMA = YES;
				CLANG_WARN_CONSTANT_CONVERSION = YES;
				CLANG_WARN_DEPRECATED_OBJC_IMPLEMENTATIONS = YES;
				CLANG_WARN_DIRECT_OBJC_ISA_USAGE = YES_ERROR;
				CLANG_WARN_DOCUMENTATION_COMMENTS = YES;
				CLANG_WARN_EMPTY_BODY = YES;
				CLANG_WARN_ENUM_CONVERSION = YES;
				CLANG_WARN_INFINITE_RECURSION = YES;
				CLANG_WARN_INT_CONVERSION = YES;
				CLANG_WARN_NON_LITERAL_NULL_CONVERSION = YES;
				CLANG_WARN_OBJC_IMPLICIT_RETAIN_SELF = YES;
				CLANG_WARN_OBJC_LITERAL_CONVERSION = YES;
				CLANG_WARN_OBJC_ROOT_CLASS = YES_ERROR;
				CLANG_WARN_QUOTED_INCLUDE_IN_FRAMEWORK_HEADER = YES;
				CLANG_WARN_RANGE_LOOP_ANALYSIS = YES;
				CLANG_WARN_STRICT_PROTOTYPES = YES;
				CLANG_WARN_SUSPICIOUS_MOVE = YES;
				CLANG_WARN_UNGUARDED_AVAILABILITY = YES_AGGRESSIVE;
				CLANG_WARN_UNREACHABLE_CODE = YES;
				CLANG_WARN__DUPLICATE_METHOD_MATCH = YES;
				COPY_PHASE_STRIP = NO;
				DEBUG_INFORMATION_FORMAT = "dwarf-with-dsym";
				ENABLE_NS_ASSERTIONS = NO;
				ENABLE_STRICT_OBJC_MSGSEND = YES;
				ENABLE_USER_SCRIPT_SANDBOXING = YES;
				GCC_C_LANGUAGE_STANDARD = gnu17;
				GCC_NO_COMMON_BLOCKS = YES;
				GCC_WARN_64_TO_32_BIT_CONVERSION = YES;
				GCC_WARN_ABOUT_RETURN_TYPE = YES_ERROR;
				GCC_WARN_UNDECLARED_SELECTOR = YES;
				GCC_WARN_UNINITIALIZED_AUTOS = YES_AGGRESSIVE;
				GCC_WARN_UNUSED_FUNCTION = YES;
				GCC_WARN_UNUSED_VARIABLE = YES;
				IPHONEOS_DEPLOYMENT_TARGET = 17.5;
				LOCALIZATION_PREFERS_STRING_CATALOGS = YES;
				MTL_ENABLE_DEBUG_INFO = NO;
				MTL_FAST_MATH = YES;
				SDKROOT = iphoneos;
				SWIFT_COMPILATION_MODE = wholemodule;
				VALIDATE_PRODUCT = YES;
			};
			name = Release;
		};
		0436913C2C231C7300709110 /* Debug */ = {
			isa = XCBuildConfiguration;
			buildSettings = {
				ASSETCATALOG_COMPILER_APPICON_NAME = AppIcon;
				ASSETCATALOG_COMPILER_GLOBAL_ACCENT_COLOR_NAME = AccentColor;
				CODE_SIGN_STYLE = Automatic;
				CURRENT_PROJECT_VERSION = 1;
				GENERATE_INFOPLIST_FILE = YES;
				INFOPLIST_FILE = "Baby's diary/Info.plist";
				INFOPLIST_KEY_UIApplicationSupportsIndirectInputEvents = YES;
				INFOPLIST_KEY_UILaunchStoryboardName = LaunchScreen;
				INFOPLIST_KEY_UISupportedInterfaceOrientations_iPad = "UIInterfaceOrientationPortrait UIInterfaceOrientationPortraitUpsideDown UIInterfaceOrientationLandscapeLeft UIInterfaceOrientationLandscapeRight";
				INFOPLIST_KEY_UISupportedInterfaceOrientations_iPhone = "UIInterfaceOrientationPortrait UIInterfaceOrientationLandscapeLeft UIInterfaceOrientationLandscapeRight";
				LD_RUNPATH_SEARCH_PATHS = (
					"$(inherited)",
					"@executable_path/Frameworks",
				);
				MARKETING_VERSION = 1.0;
				PRODUCT_BUNDLE_IDENTIFIER = "com.sorokin.Baby-s-diary";
				PRODUCT_NAME = "$(TARGET_NAME)";
				SWIFT_EMIT_LOC_STRINGS = YES;
				SWIFT_VERSION = 5.0;
				TARGETED_DEVICE_FAMILY = "1,2";
			};
			name = Debug;
		};
		0436913D2C231C7300709110 /* Release */ = {
			isa = XCBuildConfiguration;
			buildSettings = {
				ASSETCATALOG_COMPILER_APPICON_NAME = AppIcon;
				ASSETCATALOG_COMPILER_GLOBAL_ACCENT_COLOR_NAME = AccentColor;
				CODE_SIGN_STYLE = Automatic;
				CURRENT_PROJECT_VERSION = 1;
				GENERATE_INFOPLIST_FILE = YES;
				INFOPLIST_FILE = "Baby's diary/Info.plist";
				INFOPLIST_KEY_UIApplicationSupportsIndirectInputEvents = YES;
				INFOPLIST_KEY_UILaunchStoryboardName = LaunchScreen;
				INFOPLIST_KEY_UISupportedInterfaceOrientations_iPad = "UIInterfaceOrientationPortrait UIInterfaceOrientationPortraitUpsideDown UIInterfaceOrientationLandscapeLeft UIInterfaceOrientationLandscapeRight";
				INFOPLIST_KEY_UISupportedInterfaceOrientations_iPhone = "UIInterfaceOrientationPortrait UIInterfaceOrientationLandscapeLeft UIInterfaceOrientationLandscapeRight";
				LD_RUNPATH_SEARCH_PATHS = (
					"$(inherited)",
					"@executable_path/Frameworks",
				);
				MARKETING_VERSION = 1.0;
				PRODUCT_BUNDLE_IDENTIFIER = "com.sorokin.Baby-s-diary";
				PRODUCT_NAME = "$(TARGET_NAME)";
				SWIFT_EMIT_LOC_STRINGS = YES;
				SWIFT_VERSION = 5.0;
				TARGETED_DEVICE_FAMILY = "1,2";
			};
			name = Release;
		};
/* End XCBuildConfiguration section */

/* Begin XCConfigurationList section */
		043691222C231C7100709110 /* Build configuration list for PBXProject "Baby's diary" */ = {
			isa = XCConfigurationList;
			buildConfigurations = (
				043691392C231C7300709110 /* Debug */,
				0436913A2C231C7300709110 /* Release */,
			);
			defaultConfigurationIsVisible = 0;
			defaultConfigurationName = Release;
		};
		0436913B2C231C7300709110 /* Build configuration list for PBXNativeTarget "Baby's diary" */ = {
			isa = XCConfigurationList;
			buildConfigurations = (
				0436913C2C231C7300709110 /* Debug */,
				0436913D2C231C7300709110 /* Release */,
			);
			defaultConfigurationIsVisible = 0;
			defaultConfigurationName = Release;
		};
/* End XCConfigurationList section */

/* Begin XCRemoteSwiftPackageReference section */
		04579A7F2C4032C5006BE024 /* XCRemoteSwiftPackageReference "firebase-ios-sdk" */ = {
			isa = XCRemoteSwiftPackageReference;
			repositoryURL = "https://github.com/firebase/firebase-ios-sdk";
			requirement = {
				kind = upToNextMajorVersion;
				minimumVersion = 10.29.0;
			};
		};
/* End XCRemoteSwiftPackageReference section */

/* Begin XCSwiftPackageProductDependency section */
		04579A852C566390006BE024 /* FirebaseAnalytics */ = {
			isa = XCSwiftPackageProductDependency;
			package = 04579A7F2C4032C5006BE024 /* XCRemoteSwiftPackageReference "firebase-ios-sdk" */;
			productName = FirebaseAnalytics;
		};
		04579A872C566390006BE024 /* FirebaseAnalyticsOnDeviceConversion */ = {
			isa = XCSwiftPackageProductDependency;
			package = 04579A7F2C4032C5006BE024 /* XCRemoteSwiftPackageReference "firebase-ios-sdk" */;
			productName = FirebaseAnalyticsOnDeviceConversion;
		};
		04579A892C566390006BE024 /* FirebaseAnalyticsSwift */ = {
			isa = XCSwiftPackageProductDependency;
			package = 04579A7F2C4032C5006BE024 /* XCRemoteSwiftPackageReference "firebase-ios-sdk" */;
			productName = FirebaseAnalyticsSwift;
		};
		04579A8B2C566390006BE024 /* FirebaseAnalyticsWithoutAdIdSupport */ = {
			isa = XCSwiftPackageProductDependency;
			package = 04579A7F2C4032C5006BE024 /* XCRemoteSwiftPackageReference "firebase-ios-sdk" */;
			productName = FirebaseAnalyticsWithoutAdIdSupport;
		};
		04579A8D2C566390006BE024 /* FirebaseAppCheck */ = {
			isa = XCSwiftPackageProductDependency;
			package = 04579A7F2C4032C5006BE024 /* XCRemoteSwiftPackageReference "firebase-ios-sdk" */;
			productName = FirebaseAppCheck;
		};
		04FA2C252C567B12000D5CFB /* FirebaseAuth */ = {
			isa = XCSwiftPackageProductDependency;
			package = 04579A7F2C4032C5006BE024 /* XCRemoteSwiftPackageReference "firebase-ios-sdk" */;
			productName = FirebaseAuth;
		};
		04FA2C272C567B12000D5CFB /* FirebaseAuthCombine-Community */ = {
			isa = XCSwiftPackageProductDependency;
			package = 04579A7F2C4032C5006BE024 /* XCRemoteSwiftPackageReference "firebase-ios-sdk" */;
			productName = "FirebaseAuthCombine-Community";
		};
/* End XCSwiftPackageProductDependency section */
	};
	rootObject = 0436911F2C231C7100709110 /* Project object */;
}
